
Microsoft Visual Studio Solution File, Format Version 12.00
# Visual Studio Version 16
VisualStudioVersion = 16.0.31112.23
MinimumVisualStudioVersion = 10.0.40219.1
Project("{FAE04EC0-301F-11D3-BF4B-00C04F79EFBC}") = "PR12_", "PR12_\PR12_.csproj", "{11C99249-935B-4D32-91D3-0929C30E893D}"
EndProject
Global
	GlobalSection(SolutionConfigurationPlatforms) = preSolution
		Debug|Any CPU = Debug|Any CPU
		Release|Any CPU = Release|Any CPU
	EndGlobalSection
	GlobalSection(ProjectConfigurationPlatforms) = postSolution
		{11C99249-935B-4D32-91D3-0929C30E893D}.Debug|Any CPU.ActiveCfg = Debug|Any CPU
		{11C99249-935B-4D32-91D3-0929C30E893D}.Debug|Any CPU.Build.0 = Debug|Any CPU
		{11C99249-935B-4D32-91D3-0929C30E893D}.Release|Any CPU.ActiveCfg = Release|Any CPU
		{11C99249-935B-4D32-91D3-0929C30E893D}.Release|Any CPU.Build.0 = Release|Any CPU
	EndGlobalSection
	GlobalSection(SolutionProperties) = preSolution
		HideSolutionNode = FALSE
	EndGlobalSection
	GlobalSection(ExtensibilityGlobals) = postSolution
		SolutionGuid = {9820A0BE-978D-42A7-BB6F-2D19A16D0856}
	EndGlobalSection
EndGlobal
